{
  "name": "cloud",
  "lockfileVersion": 2,
  "requires": true,
  "packages": {
    "": {
      "dependencies": {
        "dayjs": "^1.11.8",
        "lodash": "^4.17.21",
        "moment": "^2.29.4"
      }
    },
    "node_modules/dayjs": {
      "version": "1.11.8",
      "resolved": "https://registry.npmjs.org/dayjs/-/dayjs-1.11.8.tgz",
      "integrity": "sha512-LcgxzFoWMEPO7ggRv1Y2N31hUf2R0Vj7fuy/m+Bg1K8rr+KAs1AEy4y9jd5DXe8pbHgX+srkHNS7TH6Q6ZhYeQ=="
    },
    "node_modules/lodash": {
      "version": "4.17.21",
      "resolved": "https://registry.npmjs.org/lodash/-/lodash-4.17.21.tgz",
      "integrity": "sha512-v2kDEe57lecTulaDIuNTPy3Ry4gLGJ6Z1O3vE1krgXZNrsQ+LFTGHVxVjcXPs17LhbZVGedAJv8XZ1tvj5FvSg=="
    },
    "node_modules/moment": {
      "version": "2.29.4",
      "resolved": "https://registry.npmjs.org/moment/-/moment-2.29.4.tgz",
      "integrity": "sha512-5LC9SOxjSc2HF6vO2CyuTDNivEdoz2IvyJJGj6X8DJ0eFyfszE0QiEd+iXmBvUP3WHxSjFH/vIsA0EN00cgr8w==",
      "engines": {
        "node": "*"
      }
    }
  },
  "dependencies": {
    "dayjs": {
      "version": "1.11.8",
      "resolved": "https://registry.npmjs.org/dayjs/-/dayjs-1.11.8.tgz",
      "integrity": "sha512-LcgxzFoWMEPO7ggRv1Y2N31hUf2R0Vj7fuy/m+Bg1K8rr+KAs1AEy4y9jd5DXe8pbHgX+srkHNS7TH6Q6ZhYeQ=="
    },
    "lodash": {
      "version": "4.17.21",
      "resolved": "https://registry.npmjs.org/lodash/-/lodash-4.17.21.tgz",
      "integrity": "sha512-v2kDEe57lecTulaDIuNTPy3Ry4gLGJ6Z1O3vE1krgXZNrsQ+LFTGHVxVjcXPs17LhbZVGedAJv8XZ1tvj5FvSg=="
    },
    "moment": {
      "version": "2.29.4",
      "resolved": "https://registry.npmjs.org/moment/-/moment-2.29.4.tgz",
      "integrity": "sha512-5LC9SOxjSc2HF6vO2CyuTDNivEdoz2IvyJJGj6X8DJ0eFyfszE0QiEd+iXmBvUP3WHxSjFH/vIsA0EN00cgr8w=="
    }
  }
}
